// !$*UTF8*$!
{
	archiveVersion = 1;
	classes = {
	};
	objectVersion = 55;
	objects = {

/* Begin PBXBuildFile section */
		B5D40B3228DB260F008588F3 /* AppDelegate.swift in Sources */ = {isa = PBXBuildFile; fileRef = B5D40B3128DB260F008588F3 /* AppDelegate.swift */; };
		B5D40B3428DB260F008588F3 /* SceneDelegate.swift in Sources */ = {isa = PBXBuildFile; fileRef = B5D40B3328DB260F008588F3 /* SceneDelegate.swift */; };
		B5D40B3628DB260F008588F3 /* FirstViewController.swift in Sources */ = {isa = PBXBuildFile; fileRef = B5D40B3528DB260F008588F3 /* FirstViewController.swift */; };
		B5D40B3928DB260F008588F3 /* Main.storyboard in Resources */ = {isa = PBXBuildFile; fileRef = B5D40B3728DB260F008588F3 /* Main.storyboard */; };
		B5D40B3B28DB2610008588F3 /* Assets.xcassets in Resources */ = {isa = PBXBuildFile; fileRef = B5D40B3A28DB2610008588F3 /* Assets.xcassets */; };
		B5D40B3E28DB2610008588F3 /* LaunchScreen.storyboard in Resources */ = {isa = PBXBuildFile; fileRef = B5D40B3C28DB2610008588F3 /* LaunchScreen.storyboard */; };
		B5D40B4928DB3238008588F3 /* SecondViewController.swift in Sources */ = {isa = PBXBuildFile; fileRef = B5D40B4828DB3238008588F3 /* SecondViewController.swift */; };
		B5D40B4D28DB3518008588F3 /* GoogleService-Info.plist in Resources */ = {isa = PBXBuildFile; fileRef = B5D40B4C28DB3518008588F3 /* GoogleService-Info.plist */; };
		B5D40B5028DB3998008588F3 /* FirebaseAnalytics in Frameworks */ = {isa = PBXBuildFile; productRef = B5D40B4F28DB3998008588F3 /* FirebaseAnalytics */; };
		B5D40B5228DB3998008588F3 /* FirebaseAuth in Frameworks */ = {isa = PBXBuildFile; productRef = B5D40B5128DB3998008588F3 /* FirebaseAuth */; };
		B5D40B5428DB3998008588F3 /* FirebaseDatabase in Frameworks */ = {isa = PBXBuildFile; productRef = B5D40B5328DB3998008588F3 /* FirebaseDatabase */; };
		B5D40B5628DC312E008588F3 /* DataService.swift in Sources */ = {isa = PBXBuildFile; fileRef = B5D40B5528DC312E008588F3 /* DataService.swift */; };
		B5D40B5828DDAE3B008588F3 /* AuthVC.swift in Sources */ = {isa = PBXBuildFile; fileRef = B5D40B5728DDAE3B008588F3 /* AuthVC.swift */; };
		B5D40B5A28DDAE4C008588F3 /* LoginVC.swift in Sources */ = {isa = PBXBuildFile; fileRef = B5D40B5928DDAE4C008588F3 /* LoginVC.swift */; };
		B5D40B5E28DDB995008588F3 /* InsetTextField.swift in Sources */ = {isa = PBXBuildFile; fileRef = B5D40B5D28DDB995008588F3 /* InsetTextField.swift */; };
		B5D40B6028DDCFFE008588F3 /* ShadowView.swift in Sources */ = {isa = PBXBuildFile; fileRef = B5D40B5F28DDCFFE008588F3 /* ShadowView.swift */; };
/* End PBXBuildFile section */

/* Begin PBXFileReference section */
		B5D40B2E28DB260F008588F3 /* breakpoint-app.app */ = {isa = PBXFileReference; explicitFileType = wrapper.application; includeInIndex = 0; path = "breakpoint-app.app"; sourceTree = BUILT_PRODUCTS_DIR; };
		B5D40B3128DB260F008588F3 /* AppDelegate.swift */ = {isa = PBXFileReference; lastKnownFileType = sourcecode.swift; path = AppDelegate.swift; sourceTree = "<group>"; };
		B5D40B3328DB260F008588F3 /* SceneDelegate.swift */ = {isa = PBXFileReference; lastKnownFileType = sourcecode.swift; path = SceneDelegate.swift; sourceTree = "<group>"; };
		B5D40B3528DB260F008588F3 /* FirstViewController.swift */ = {isa = PBXFileReference; lastKnownFileType = sourcecode.swift; path = FirstViewController.swift; sourceTree = "<group>"; };
		B5D40B3828DB260F008588F3 /* Base */ = {isa = PBXFileReference; lastKnownFileType = file.storyboard; name = Base; path = Base.lproj/Main.storyboard; sourceTree = "<group>"; };
		B5D40B3A28DB2610008588F3 /* Assets.xcassets */ = {isa = PBXFileReference; lastKnownFileType = folder.assetcatalog; path = Assets.xcassets; sourceTree = "<group>"; };
		B5D40B3D28DB2610008588F3 /* Base */ = {isa = PBXFileReference; lastKnownFileType = file.storyboard; name = Base; path = Base.lproj/LaunchScreen.storyboard; sourceTree = "<group>"; };
		B5D40B3F28DB2610008588F3 /* Info.plist */ = {isa = PBXFileReference; lastKnownFileType = text.plist.xml; path = Info.plist; sourceTree = "<group>"; };
		B5D40B4828DB3238008588F3 /* SecondViewController.swift */ = {isa = PBXFileReference; lastKnownFileType = sourcecode.swift; path = SecondViewController.swift; sourceTree = "<group>"; };
		B5D40B4C28DB3518008588F3 /* GoogleService-Info.plist */ = {isa = PBXFileReference; fileEncoding = 4; lastKnownFileType = text.plist.xml; path = "GoogleService-Info.plist"; sourceTree = "<group>"; };
		B5D40B5528DC312E008588F3 /* DataService.swift */ = {isa = PBXFileReference; lastKnownFileType = sourcecode.swift; path = DataService.swift; sourceTree = "<group>"; };
		B5D40B5728DDAE3B008588F3 /* AuthVC.swift */ = {isa = PBXFileReference; lastKnownFileType = sourcecode.swift; path = AuthVC.swift; sourceTree = "<group>"; };
		B5D40B5928DDAE4C008588F3 /* LoginVC.swift */ = {isa = PBXFileReference; lastKnownFileType = sourcecode.swift; path = LoginVC.swift; sourceTree = "<group>"; };
		B5D40B5D28DDB995008588F3 /* InsetTextField.swift */ = {isa = PBXFileReference; lastKnownFileType = sourcecode.swift; path = InsetTextField.swift; sourceTree = "<group>"; };
		B5D40B5F28DDCFFE008588F3 /* ShadowView.swift */ = {isa = PBXFileReference; lastKnownFileType = sourcecode.swift; path = ShadowView.swift; sourceTree = "<group>"; };
/* End PBXFileReference section */

/* Begin PBXFrameworksBuildPhase section */
		B5D40B2B28DB260F008588F3 /* Frameworks */ = {
			isa = PBXFrameworksBuildPhase;
			buildActionMask = 2147483647;
			files = (
				B5D40B5428DB3998008588F3 /* FirebaseDatabase in Frameworks */,
				B5D40B5028DB3998008588F3 /* FirebaseAnalytics in Frameworks */,
				B5D40B5228DB3998008588F3 /* FirebaseAuth in Frameworks */,
			);
			runOnlyForDeploymentPostprocessing = 0;
		};
/* End PBXFrameworksBuildPhase section */

/* Begin PBXGroup section */
		B5D40B2528DB260F008588F3 = {
			isa = PBXGroup;
			children = (
				B5D40B3028DB260F008588F3 /* breakpoint-app */,
				B5D40B2F28DB260F008588F3 /* Products */,
			);
			sourceTree = "<group>";
		};
		B5D40B2F28DB260F008588F3 /* Products */ = {
			isa = PBXGroup;
			children = (
				B5D40B2E28DB260F008588F3 /* breakpoint-app.app */,
			);
			name = Products;
			sourceTree = "<group>";
		};
		B5D40B3028DB260F008588F3 /* breakpoint-app */ = {
			isa = PBXGroup;
			children = (
				B5D40B4B28DB329B008588F3 /* Services */,
				B5D40B4A28DB3294008588F3 /* Extensions */,
				B5D40B4728DB31D6008588F3 /* Controller */,
				B5D40B4628DB31D1008588F3 /* View */,
				B5D40B4528DB31CB008588F3 /* Model */,
				B5D40B3128DB260F008588F3 /* AppDelegate.swift */,
				B5D40B3328DB260F008588F3 /* SceneDelegate.swift */,
				B5D40B3728DB260F008588F3 /* Main.storyboard */,
				B5D40B3A28DB2610008588F3 /* Assets.xcassets */,
				B5D40B3C28DB2610008588F3 /* LaunchScreen.storyboard */,
				B5D40B3F28DB2610008588F3 /* Info.plist */,
				B5D40B4C28DB3518008588F3 /* GoogleService-Info.plist */,
			);
			path = "breakpoint-app";
			sourceTree = "<group>";
		};
		B5D40B4528DB31CB008588F3 /* Model */ = {
			isa = PBXGroup;
			children = (
			);
			path = Model;
			sourceTree = "<group>";
		};
		B5D40B4628DB31D1008588F3 /* View */ = {
			isa = PBXGroup;
			children = (
				B5D40B5D28DDB995008588F3 /* InsetTextField.swift */,
				B5D40B5F28DDCFFE008588F3 /* ShadowView.swift */,
			);
			path = View;
			sourceTree = "<group>";
		};
		B5D40B4728DB31D6008588F3 /* Controller */ = {
			isa = PBXGroup;
			children = (
				B5D40B3528DB260F008588F3 /* FirstViewController.swift */,
				B5D40B4828DB3238008588F3 /* SecondViewController.swift */,
				B5D40B5728DDAE3B008588F3 /* AuthVC.swift */,
				B5D40B5928DDAE4C008588F3 /* LoginVC.swift */,
			);
			path = Controller;
			sourceTree = "<group>";
		};
		B5D40B4A28DB3294008588F3 /* Extensions */ = {
			isa = PBXGroup;
			children = (
			);
			path = Extensions;
			sourceTree = "<group>";
		};
		B5D40B4B28DB329B008588F3 /* Services */ = {
			isa = PBXGroup;
			children = (
				B5D40B5528DC312E008588F3 /* DataService.swift */,
			);
			path = Services;
			sourceTree = "<group>";
		};
/* End PBXGroup section */

/* Begin PBXNativeTarget section */
		B5D40B2D28DB260F008588F3 /* breakpoint-app */ = {
			isa = PBXNativeTarget;
			buildConfigurationList = B5D40B4228DB2610008588F3 /* Build configuration list for PBXNativeTarget "breakpoint-app" */;
			buildPhases = (
				B5D40B2A28DB260F008588F3 /* Sources */,
				B5D40B2B28DB260F008588F3 /* Frameworks */,
				B5D40B2C28DB260F008588F3 /* Resources */,
			);
			buildRules = (
			);
			dependencies = (
			);
			name = "breakpoint-app";
			packageProductDependencies = (
				B5D40B4F28DB3998008588F3 /* FirebaseAnalytics */,
				B5D40B5128DB3998008588F3 /* FirebaseAuth */,
				B5D40B5328DB3998008588F3 /* FirebaseDatabase */,
			);
			productName = "breakpoint-app";
			productReference = B5D40B2E28DB260F008588F3 /* breakpoint-app.app */;
			productType = "com.apple.product-type.application";
		};
/* End PBXNativeTarget section */

/* Begin PBXProject section */
		B5D40B2628DB260F008588F3 /* Project object */ = {
			isa = PBXProject;
			attributes = {
				BuildIndependentTargetsInParallel = 1;
				LastSwiftUpdateCheck = 1340;
				LastUpgradeCheck = 1340;
				TargetAttributes = {
					B5D40B2D28DB260F008588F3 = {
						CreatedOnToolsVersion = 13.4.1;
					};
				};
			};
			buildConfigurationList = B5D40B2928DB260F008588F3 /* Build configuration list for PBXProject "breakpoint-app" */;
			compatibilityVersion = "Xcode 13.0";
			developmentRegion = en;
			hasScannedForEncodings = 0;
			knownRegions = (
				en,
				Base,
			);
			mainGroup = B5D40B2528DB260F008588F3;
			packageReferences = (
				B5D40B4E28DB3998008588F3 /* XCRemoteSwiftPackageReference "firebase-ios-sdk" */,
			);
			productRefGroup = B5D40B2F28DB260F008588F3 /* Products */;
			projectDirPath = "";
			projectRoot = "";
			targets = (
				B5D40B2D28DB260F008588F3 /* breakpoint-app */,
			);
		};
/* End PBXProject section */

/* Begin PBXResourcesBuildPhase section */
		B5D40B2C28DB260F008588F3 /* Resources */ = {
			isa = PBXResourcesBuildPhase;
			buildActionMask = 2147483647;
			files = (
				B5D40B3E28DB2610008588F3 /* LaunchScreen.storyboard in Resources */,
				B5D40B4D28DB3518008588F3 /* GoogleService-Info.plist in Resources */,
				B5D40B3B28DB2610008588F3 /* Assets.xcassets in Resources */,
				B5D40B3928DB260F008588F3 /* Main.storyboard in Resources */,
			);
			runOnlyForDeploymentPostprocessing = 0;
		};
/* End PBXResourcesBuildPhase section */

/* Begin PBXSourcesBuildPhase section */
		B5D40B2A28DB260F008588F3 /* Sources */ = {
			isa = PBXSourcesBuildPhase;
			buildActionMask = 2147483647;
			files = (
				B5D40B6028DDCFFE008588F3 /* ShadowView.swift in Sources */,
				B5D40B5828DDAE3B008588F3 /* AuthVC.swift in Sources */,
				B5D40B4928DB3238008588F3 /* SecondViewController.swift in Sources */,
				B5D40B5A28DDAE4C008588F3 /* LoginVC.swift in Sources */,
				B5D40B5E28DDB995008588F3 /* InsetTextField.swift in Sources */,
				B5D40B3628DB260F008588F3 /* FirstViewController.swift in Sources */,
				B5D40B3228DB260F008588F3 /* AppDelegate.swift in Sources */,
				B5D40B3428DB260F008588F3 /* SceneDelegate.swift in Sources */,
				B5D40B5628DC312E008588F3 /* DataService.swift in Sources */,
			);
			runOnlyForDeploymentPostprocessing = 0;
		};
/* End PBXSourcesBuildPhase section */

/* Begin PBXVariantGroup section */
		B5D40B3728DB260F008588F3 /* Main.storyboard */ = {
			isa = PBXVariantGroup;
			children = (
				B5D40B3828DB260F008588F3 /* Base */,
			);
			name = Main.storyboard;
			sourceTree = "<group>";
		};
		B5D40B3C28DB2610008588F3 /* LaunchScreen.storyboard */ = {
			isa = PBXVariantGroup;
			children = (
				B5D40B3D28DB2610008588F3 /* Base */,
			);
			name = LaunchScreen.storyboard;
			sourceTree = "<group>";
		};
/* End PBXVariantGroup section */

/* Begin XCBuildConfiguration section */
		B5D40B4028DB2610008588F3 /* Debug */ = {
			isa = XCBuildConfiguration;
			buildSettings = {
				ALWAYS_SEARCH_USER_PATHS = NO;
				CLANG_ANALYZER_NONNULL = YES;
				CLANG_ANALYZER_NUMBER_OBJECT_CONVERSION = YES_AGGRESSIVE;
				CLANG_CXX_LANGUAGE_STANDARD = "gnu++17";
				CLANG_ENABLE_MODULES = YES;
				CLANG_ENABLE_OBJC_ARC = YES;
				CLANG_ENABLE_OBJC_WEAK = YES;
				CLANG_WARN_BLOCK_CAPTURE_AUTORELEASING = YES;
				CLANG_WARN_BOOL_CONVERSION = YES;
				CLANG_WARN_COMMA = YES;
				CLANG_WARN_CONSTANT_CONVERSION = YES;
				CLANG_WARN_DEPRECATED_OBJC_IMPLEMENTATIONS = YES;
				CLANG_WARN_DIRECT_OBJC_ISA_USAGE = YES_ERROR;
				CLANG_WARN_DOCUMENTATION_COMMENTS = YES;
				CLANG_WARN_EMPTY_BODY = YES;
				CLANG_WARN_ENUM_CONVERSION = YES;
				CLANG_WARN_INFINITE_RECURSION = YES;
				CLANG_WARN_INT_CONVERSION = YES;
				CLANG_WARN_NON_LITERAL_NULL_CONVERSION = YES;
				CLANG_WARN_OBJC_IMPLICIT_RETAIN_SELF = YES;
				CLANG_WARN_OBJC_LITERAL_CONVERSION = YES;
				CLANG_WARN_OBJC_ROOT_CLASS = YES_ERROR;
				CLANG_WARN_QUOTED_INCLUDE_IN_FRAMEWORK_HEADER = YES;
				CLANG_WARN_RANGE_LOOP_ANALYSIS = YES;
				CLANG_WARN_STRICT_PROTOTYPES = YES;
				CLANG_WARN_SUSPICIOUS_MOVE = YES;
				CLANG_WARN_UNGUARDED_AVAILABILITY = YES_AGGRESSIVE;
				CLANG_WARN_UNREACHABLE_CODE = YES;
				CLANG_WARN__DUPLICATE_METHOD_MATCH = YES;
				COPY_PHASE_STRIP = NO;
				DEBUG_INFORMATION_FORMAT = dwarf;
				ENABLE_STRICT_OBJC_MSGSEND = YES;
				ENABLE_TESTABILITY = YES;
				GCC_C_LANGUAGE_STANDARD = gnu11;
				GCC_DYNAMIC_NO_PIC = NO;
				GCC_NO_COMMON_BLOCKS = YES;
				GCC_OPTIMIZATION_LEVEL = 0;
				GCC_PREPROCESSOR_DEFINITIONS = (
					"DEBUG=1",
					"$(inherited)",
				);
				GCC_WARN_64_TO_32_BIT_CONVERSION = YES;
				GCC_WARN_ABOUT_RETURN_TYPE = YES_ERROR;
				GCC_WARN_UNDECLARED_SELECTOR = YES;
				GCC_WARN_UNINITIALIZED_AUTOS = YES_AGGRESSIVE;
				GCC_WARN_UNUSED_FUNCTION = YES;
				GCC_WARN_UNUSED_VARIABLE = YES;
				IPHONEOS_DEPLOYMENT_TARGET = 15.5;
				MTL_ENABLE_DEBUG_INFO = INCLUDE_SOURCE;
				MTL_FAST_MATH = YES;
				ONLY_ACTIVE_ARCH = YES;
				SDKROOT = iphoneos;
				SWIFT_ACTIVE_COMPILATION_CONDITIONS = DEBUG;
				SWIFT_OPTIMIZATION_LEVEL = "-Onone";
			};
			name = Debug;
		};
		B5D40B4128DB2610008588F3 /* Release */ = {
			isa = XCBuildConfiguration;
			buildSettings = {
				ALWAYS_SEARCH_USER_PATHS = NO;
				CLANG_ANALYZER_NONNULL = YES;
				CLANG_ANALYZER_NUMBER_OBJECT_CONVERSION = YES_AGGRESSIVE;
				CLANG_CXX_LANGUAGE_STANDARD = "gnu++17";
				CLANG_ENABLE_MODULES = YES;
				CLANG_ENABLE_OBJC_ARC = YES;
				CLANG_ENABLE_OBJC_WEAK = YES;
				CLANG_WARN_BLOCK_CAPTURE_AUTORELEASING = YES;
				CLANG_WARN_BOOL_CONVERSION = YES;
				CLANG_WARN_COMMA = YES;
				CLANG_WARN_CONSTANT_CONVERSION = YES;
				CLANG_WARN_DEPRECATED_OBJC_IMPLEMENTATIONS = YES;
				CLANG_WARN_DIRECT_OBJC_ISA_USAGE = YES_ERROR;
				CLANG_WARN_DOCUMENTATION_COMMENTS = YES;
				CLANG_WARN_EMPTY_BODY = YES;
				CLANG_WARN_ENUM_CONVERSION = YES;
				CLANG_WARN_INFINITE_RECURSION = YES;
				CLANG_WARN_INT_CONVERSION = YES;
				CLANG_WARN_NON_LITERAL_NULL_CONVERSION = YES;
				CLANG_WARN_OBJC_IMPLICIT_RETAIN_SELF = YES;
				CLANG_WARN_OBJC_LITERAL_CONVERSION = YES;
				CLANG_WARN_OBJC_ROOT_CLASS = YES_ERROR;
				CLANG_WARN_QUOTED_INCLUDE_IN_FRAMEWORK_HEADER = YES;
				CLANG_WARN_RANGE_LOOP_ANALYSIS = YES;
				CLANG_WARN_STRICT_PROTOTYPES = YES;
				CLANG_WARN_SUSPICIOUS_MOVE = YES;
				CLANG_WARN_UNGUARDED_AVAILABILITY = YES_AGGRESSIVE;
				CLANG_WARN_UNREACHABLE_CODE = YES;
				CLANG_WARN__DUPLICATE_METHOD_MATCH = YES;
				COPY_PHASE_STRIP = NO;
				DEBUG_INFORMATION_FORMAT = "dwarf-with-dsym";
				ENABLE_NS_ASSERTIONS = NO;
				ENABLE_STRICT_OBJC_MSGSEND = YES;
				GCC_C_LANGUAGE_STANDARD = gnu11;
				GCC_NO_COMMON_BLOCKS = YES;
				GCC_WARN_64_TO_32_BIT_CONVERSION = YES;
				GCC_WARN_ABOUT_RETURN_TYPE = YES_ERROR;
				GCC_WARN_UNDECLARED_SELECTOR = YES;
				GCC_WARN_UNINITIALIZED_AUTOS = YES_AGGRESSIVE;
				GCC_WARN_UNUSED_FUNCTION = YES;
				GCC_WARN_UNUSED_VARIABLE = YES;
				IPHONEOS_DEPLOYMENT_TARGET = 15.5;
				MTL_ENABLE_DEBUG_INFO = NO;
				MTL_FAST_MATH = YES;
				SDKROOT = iphoneos;
				SWIFT_COMPILATION_MODE = wholemodule;
				SWIFT_OPTIMIZATION_LEVEL = "-O";
				VALIDATE_PRODUCT = YES;
			};
			name = Release;
		};
		B5D40B4328DB2610008588F3 /* Debug */ = {
			isa = XCBuildConfiguration;
			buildSettings = {
				ASSETCATALOG_COMPILER_APPICON_NAME = AppIcon;
				ASSETCATALOG_COMPILER_GLOBAL_ACCENT_COLOR_NAME = AccentColor;
				CODE_SIGN_STYLE = Automatic;
				CURRENT_PROJECT_VERSION = 1;
				DEVELOPMENT_TEAM = NXG78N7FD5;
				GENERATE_INFOPLIST_FILE = YES;
				INFOPLIST_FILE = "breakpoint-app/Info.plist";
				INFOPLIST_KEY_UIApplicationSupportsIndirectInputEvents = YES;
				INFOPLIST_KEY_UILaunchStoryboardName = LaunchScreen;
				INFOPLIST_KEY_UIMainStoryboardFile = Main;
				INFOPLIST_KEY_UISupportedInterfaceOrientations = UIInterfaceOrientationPortrait;
				INFOPLIST_KEY_UISupportedInterfaceOrientations_iPad = "UIInterfaceOrientationPortrait UIInterfaceOrientationPortraitUpsideDown UIInterfaceOrientationLandscapeLeft UIInterfaceOrientationLandscapeRight";
				INFOPLIST_KEY_UISupportedInterfaceOrientations_iPhone = "UIInterfaceOrientationPortrait UIInterfaceOrientationLandscapeLeft UIInterfaceOrientationLandscapeRight";
				LD_RUNPATH_SEARCH_PATHS = (
					"$(inherited)",
					"@executable_path/Frameworks",
				);
				MARKETING_VERSION = 1.0;
				PRODUCT_BUNDLE_IDENTIFIER = "com.breakpoint-app";
				PRODUCT_NAME = "$(TARGET_NAME)";
				SWIFT_EMIT_LOC_STRINGS = YES;
				SWIFT_VERSION = 5.0;
				TARGETED_DEVICE_FAMILY = "1,2";
			};
			name = Debug;
		};
		B5D40B4428DB2610008588F3 /* Release */ = {
			isa = XCBuildConfiguration;
			buildSettings = {
				ASSETCATALOG_COMPILER_APPICON_NAME = AppIcon;
				ASSETCATALOG_COMPILER_GLOBAL_ACCENT_COLOR_NAME = AccentColor;
				CODE_SIGN_STYLE = Automatic;
				CURRENT_PROJECT_VERSION = 1;
				DEVELOPMENT_TEAM = NXG78N7FD5;
				GENERATE_INFOPLIST_FILE = YES;
				INFOPLIST_FILE = "breakpoint-app/Info.plist";
				INFOPLIST_KEY_UIApplicationSupportsIndirectInputEvents = YES;
				INFOPLIST_KEY_UILaunchStoryboardName = LaunchScreen;
				INFOPLIST_KEY_UIMainStoryboardFile = Main;
				INFOPLIST_KEY_UISupportedInterfaceOrientations = UIInterfaceOrientationPortrait;
				INFOPLIST_KEY_UISupportedInterfaceOrientations_iPad = "UIInterfaceOrientationPortrait UIInterfaceOrientationPortraitUpsideDown UIInterfaceOrientationLandscapeLeft UIInterfaceOrientationLandscapeRight";
				INFOPLIST_KEY_UISupportedInterfaceOrientations_iPhone = "UIInterfaceOrientationPortrait UIInterfaceOrientationLandscapeLeft UIInterfaceOrientationLandscapeRight";
				LD_RUNPATH_SEARCH_PATHS = (
					"$(inherited)",
					"@executable_path/Frameworks",
				);
				MARKETING_VERSION = 1.0;
				PRODUCT_BUNDLE_IDENTIFIER = "com.breakpoint-app";
				PRODUCT_NAME = "$(TARGET_NAME)";
				SWIFT_EMIT_LOC_STRINGS = YES;
				SWIFT_VERSION = 5.0;
				TARGETED_DEVICE_FAMILY = "1,2";
			};
			name = Release;
		};
/* End XCBuildConfiguration section */

/* Begin XCConfigurationList section */
		B5D40B2928DB260F008588F3 /* Build configuration list for PBXProject "breakpoint-app" */ = {
			isa = XCConfigurationList;
			buildConfigurations = (
				B5D40B4028DB2610008588F3 /* Debug */,
				B5D40B4128DB2610008588F3 /* Release */,
			);
			defaultConfigurationIsVisible = 0;
			defaultConfigurationName = Release;
		};
		B5D40B4228DB2610008588F3 /* Build configuration list for PBXNativeTarget "breakpoint-app" */ = {
			isa = XCConfigurationList;
			buildConfigurations = (
				B5D40B4328DB2610008588F3 /* Debug */,
				B5D40B4428DB2610008588F3 /* Release */,
			);
			defaultConfigurationIsVisible = 0;
			defaultConfigurationName = Release;
		};
/* End XCConfigurationList section */

/* Begin XCRemoteSwiftPackageReference section */
		B5D40B4E28DB3998008588F3 /* XCRemoteSwiftPackageReference "firebase-ios-sdk" */ = {
			isa = XCRemoteSwiftPackageReference;
			repositoryURL = "https://github.com/firebase/firebase-ios-sdk";
			requirement = {
				branch = master;
				kind = branch;
			};
		};
/* End XCRemoteSwiftPackageReference section */

/* Begin XCSwiftPackageProductDependency section */
		B5D40B4F28DB3998008588F3 /* FirebaseAnalytics */ = {
			isa = XCSwiftPackageProductDependency;
			package = B5D40B4E28DB3998008588F3 /* XCRemoteSwiftPackageReference "firebase-ios-sdk" */;
			productName = FirebaseAnalytics;
		};
		B5D40B5128DB3998008588F3 /* FirebaseAuth */ = {
			isa = XCSwiftPackageProductDependency;
			package = B5D40B4E28DB3998008588F3 /* XCRemoteSwiftPackageReference "firebase-ios-sdk" */;
			productName = FirebaseAuth;
		};
		B5D40B5328DB3998008588F3 /* FirebaseDatabase */ = {
			isa = XCSwiftPackageProductDependency;
			package = B5D40B4E28DB3998008588F3 /* XCRemoteSwiftPackageReference "firebase-ios-sdk" */;
			productName = FirebaseDatabase;
		};
/* End XCSwiftPackageProductDependency section */
	};
	rootObject = B5D40B2628DB260F008588F3 /* Project object */;
}
